
Microsoft Visual Studio Solution File, Format Version 12.00
# Visual Studio Version 17
VisualStudioVersion = 17.0.32112.339
MinimumVisualStudioVersion = 10.0.40219.1
Project("{9A19103F-16F7-4668-BE54-9A1E7A4F7556}") = "SuperArray", "SuperArray\SuperArray.csproj", "{7760035E-B909-4656-9DAF-22C076A4BBD2}"
EndProject
Project("{9A19103F-16F7-4668-BE54-9A1E7A4F7556}") = "SuperString", "SuperString\SuperString.csproj", "{818CF3D6-A889-4657-BC9F-98593FE21BA1}"
EndProject
Project("{FAE04EC0-301F-11D3-BF4B-00C04F79EFBC}") = "PizzaTime", "PizzaTime\PizzaTime.csproj", "{47C03DF6-C959-433E-97EA-D9FB8C92D739}"
EndProject
Global
	GlobalSection(SolutionConfigurationPlatforms) = preSolution
		Debug|Any CPU = Debug|Any CPU
		Release|Any CPU = Release|Any CPU
	EndGlobalSection
	GlobalSection(ProjectConfigurationPlatforms) = postSolution
		{7760035E-B909-4656-9DAF-22C076A4BBD2}.Debug|Any CPU.ActiveCfg = Debug|Any CPU
		{7760035E-B909-4656-9DAF-22C076A4BBD2}.Debug|Any CPU.Build.0 = Debug|Any CPU
		{7760035E-B909-4656-9DAF-22C076A4BBD2}.Release|Any CPU.ActiveCfg = Release|Any CPU
		{7760035E-B909-4656-9DAF-22C076A4BBD2}.Release|Any CPU.Build.0 = Release|Any CPU
		{818CF3D6-A889-4657-BC9F-98593FE21BA1}.Debug|Any CPU.ActiveCfg = Debug|Any CPU
		{818CF3D6-A889-4657-BC9F-98593FE21BA1}.Debug|Any CPU.Build.0 = Debug|Any CPU
		{818CF3D6-A889-4657-BC9F-98593FE21BA1}.Release|Any CPU.ActiveCfg = Release|Any CPU
		{818CF3D6-A889-4657-BC9F-98593FE21BA1}.Release|Any CPU.Build.0 = Release|Any CPU
		{47C03DF6-C959-433E-97EA-D9FB8C92D739}.Debug|Any CPU.ActiveCfg = Debug|Any CPU
		{47C03DF6-C959-433E-97EA-D9FB8C92D739}.Debug|Any CPU.Build.0 = Debug|Any CPU
		{47C03DF6-C959-433E-97EA-D9FB8C92D739}.Release|Any CPU.ActiveCfg = Release|Any CPU
		{47C03DF6-C959-433E-97EA-D9FB8C92D739}.Release|Any CPU.Build.0 = Release|Any CPU
	EndGlobalSection
	GlobalSection(SolutionProperties) = preSolution
		HideSolutionNode = FALSE
	EndGlobalSection
	GlobalSection(ExtensibilityGlobals) = postSolution
		SolutionGuid = {E8B13F4C-4759-4EC1-811A-35A351E3830A}
	EndGlobalSection
EndGlobal
