
Microsoft Visual Studio Solution File, Format Version 12.00
# Visual Studio Version 17
VisualStudioVersion = 17.0.32014.148
MinimumVisualStudioVersion = 10.0.40219.1
Project("{9A19103F-16F7-4668-BE54-9A1E7A4F7556}") = "Task_1_1", "Task_1_1\Task_1_1.csproj", "{F23171AF-3664-41D0-8A40-8709CB71883F}"
EndProject
Project("{FAE04EC0-301F-11D3-BF4B-00C04F79EFBC}") = "Task_1_2", "Task_1_2\Task_1_2.csproj", "{B667FC8F-697C-4CB1-9759-7B4AA4A3AB14}"
EndProject
Global
	GlobalSection(SolutionConfigurationPlatforms) = preSolution
		Debug|Any CPU = Debug|Any CPU
		Release|Any CPU = Release|Any CPU
	EndGlobalSection
	GlobalSection(ProjectConfigurationPlatforms) = postSolution
		{F23171AF-3664-41D0-8A40-8709CB71883F}.Debug|Any CPU.ActiveCfg = Debug|Any CPU
		{F23171AF-3664-41D0-8A40-8709CB71883F}.Debug|Any CPU.Build.0 = Debug|Any CPU
		{F23171AF-3664-41D0-8A40-8709CB71883F}.Release|Any CPU.ActiveCfg = Release|Any CPU
		{F23171AF-3664-41D0-8A40-8709CB71883F}.Release|Any CPU.Build.0 = Release|Any CPU
		{B667FC8F-697C-4CB1-9759-7B4AA4A3AB14}.Debug|Any CPU.ActiveCfg = Debug|Any CPU
		{B667FC8F-697C-4CB1-9759-7B4AA4A3AB14}.Debug|Any CPU.Build.0 = Debug|Any CPU
		{B667FC8F-697C-4CB1-9759-7B4AA4A3AB14}.Release|Any CPU.ActiveCfg = Release|Any CPU
		{B667FC8F-697C-4CB1-9759-7B4AA4A3AB14}.Release|Any CPU.Build.0 = Release|Any CPU
	EndGlobalSection
	GlobalSection(SolutionProperties) = preSolution
		HideSolutionNode = FALSE
	EndGlobalSection
	GlobalSection(ExtensibilityGlobals) = postSolution
		SolutionGuid = {D36BD784-5FC2-4D81-A2EF-8FB05C831A65}
	EndGlobalSection
EndGlobal
